
Microsoft Visual Studio Solution File, Format Version 12.00
# Visual Studio 15
VisualStudioVersion = 15.0.27703.2035
MinimumVisualStudioVersion = 10.0.40219.1
Project("{FAE04EC0-301F-11D3-BF4B-00C04F79EFBC}") = "CustomListProject", "CustomListProject\CustomListProject.csproj", "{4091D17B-63B9-4023-87A1-19FC10583E97}"
EndProject
Project("{FAE04EC0-301F-11D3-BF4B-00C04F79EFBC}") = "CustomListTests", "CustomListTests\CustomListTests.csproj", "{8FD50A68-DBCB-47DE-A4AA-16D1BA1A789B}"
EndProject
Project("{FAE04EC0-301F-11D3-BF4B-00C04F79EFBC}") = "CustomListTestingv2", "CustomListTestingv2\CustomListTestingv2.csproj", "{28A02B4E-E519-4BBC-8B01-AAA3A3993583}"
EndProject
Global
	GlobalSection(SolutionConfigurationPlatforms) = preSolution
		Debug|Any CPU = Debug|Any CPU
		Release|Any CPU = Release|Any CPU
	EndGlobalSection
	GlobalSection(ProjectConfigurationPlatforms) = postSolution
		{4091D17B-63B9-4023-87A1-19FC10583E97}.Debug|Any CPU.ActiveCfg = Debug|Any CPU
		{4091D17B-63B9-4023-87A1-19FC10583E97}.Debug|Any CPU.Build.0 = Debug|Any CPU
		{4091D17B-63B9-4023-87A1-19FC10583E97}.Release|Any CPU.ActiveCfg = Release|Any CPU
		{4091D17B-63B9-4023-87A1-19FC10583E97}.Release|Any CPU.Build.0 = Release|Any CPU
		{8FD50A68-DBCB-47DE-A4AA-16D1BA1A789B}.Debug|Any CPU.ActiveCfg = Debug|Any CPU
		{8FD50A68-DBCB-47DE-A4AA-16D1BA1A789B}.Debug|Any CPU.Build.0 = Debug|Any CPU
		{8FD50A68-DBCB-47DE-A4AA-16D1BA1A789B}.Release|Any CPU.ActiveCfg = Release|Any CPU
		{8FD50A68-DBCB-47DE-A4AA-16D1BA1A789B}.Release|Any CPU.Build.0 = Release|Any CPU
		{28A02B4E-E519-4BBC-8B01-AAA3A3993583}.Debug|Any CPU.ActiveCfg = Debug|Any CPU
		{28A02B4E-E519-4BBC-8B01-AAA3A3993583}.Debug|Any CPU.Build.0 = Debug|Any CPU
		{28A02B4E-E519-4BBC-8B01-AAA3A3993583}.Release|Any CPU.ActiveCfg = Release|Any CPU
		{28A02B4E-E519-4BBC-8B01-AAA3A3993583}.Release|Any CPU.Build.0 = Release|Any CPU
	EndGlobalSection
	GlobalSection(SolutionProperties) = preSolution
		HideSolutionNode = FALSE
	EndGlobalSection
	GlobalSection(ExtensibilityGlobals) = postSolution
		SolutionGuid = {9CAFB577-9059-4479-98A1-AFCD4E20D175}
	EndGlobalSection
EndGlobal
